
Microsoft Visual Studio Solution File, Format Version 12.00
# Visual Studio Version 17
VisualStudioVersion = 17.8.34322.80
MinimumVisualStudioVersion = 10.0.40219.1
Project("{8BC9CEB8-8B4A-11D0-8D11-00A0C91BC942}") = "evaluate_division_399", "evaluate_division_399\evaluate_division_399.vcxproj", "{4ABEB4D4-C85B-44E1-A48C-DB4CA8D764A3}"
EndProject
Global
	GlobalSection(SolutionConfigurationPlatforms) = preSolution
		Debug|x64 = Debug|x64
		Debug|x86 = Debug|x86
		Release|x64 = Release|x64
		Release|x86 = Release|x86
	EndGlobalSection
	GlobalSection(ProjectConfigurationPlatforms) = postSolution
		{4ABEB4D4-C85B-44E1-A48C-DB4CA8D764A3}.Debug|x64.ActiveCfg = Debug|x64
		{4ABEB4D4-C85B-44E1-A48C-DB4CA8D764A3}.Debug|x64.Build.0 = Debug|x64
		{4ABEB4D4-C85B-44E1-A48C-DB4CA8D764A3}.Debug|x86.ActiveCfg = Debug|Win32
		{4ABEB4D4-C85B-44E1-A48C-DB4CA8D764A3}.Debug|x86.Build.0 = Debug|Win32
		{4ABEB4D4-C85B-44E1-A48C-DB4CA8D764A3}.Release|x64.ActiveCfg = Release|x64
		{4ABEB4D4-C85B-44E1-A48C-DB4CA8D764A3}.Release|x64.Build.0 = Release|x64
		{4ABEB4D4-C85B-44E1-A48C-DB4CA8D764A3}.Release|x86.ActiveCfg = Release|Win32
		{4ABEB4D4-C85B-44E1-A48C-DB4CA8D764A3}.Release|x86.Build.0 = Release|Win32
	EndGlobalSection
	GlobalSection(SolutionProperties) = preSolution
		HideSolutionNode = FALSE
	EndGlobalSection
	GlobalSection(ExtensibilityGlobals) = postSolution
		SolutionGuid = {C1E9FE11-1E35-48F2-B818-0D8F7DF98765}
	EndGlobalSection
EndGlobal
